// !$*UTF8*$!
{
	archiveVersion = 1;
	classes = {
	};
	objectVersion = 56;
	objects = {

/* Begin PBXBuildFile section */
		A71F19082BB8032A00AE2EEC /* SwiftSoupWebScrapingApp.swift in Sources */ = {isa = PBXBuildFile; fileRef = A71F19072BB8032A00AE2EEC /* SwiftSoupWebScrapingApp.swift */; };
		A71F190A2BB8032A00AE2EEC /* ContentView.swift in Sources */ = {isa = PBXBuildFile; fileRef = A71F19092BB8032A00AE2EEC /* ContentView.swift */; };
		A71F190C2BB8032B00AE2EEC /* Assets.xcassets in Resources */ = {isa = PBXBuildFile; fileRef = A71F190B2BB8032B00AE2EEC /* Assets.xcassets */; };
		A71F19102BB8032B00AE2EEC /* Preview Assets.xcassets in Resources */ = {isa = PBXBuildFile; fileRef = A71F190F2BB8032B00AE2EEC /* Preview Assets.xcassets */; };
		A71F191A2BB8032B00AE2EEC /* SwiftSoupWebScrapingTests.swift in Sources */ = {isa = PBXBuildFile; fileRef = A71F19192BB8032B00AE2EEC /* SwiftSoupWebScrapingTests.swift */; };
		A71F19242BB8032B00AE2EEC /* SwiftSoupWebScrapingUITests.swift in Sources */ = {isa = PBXBuildFile; fileRef = A71F19232BB8032B00AE2EEC /* SwiftSoupWebScrapingUITests.swift */; };
		A71F19262BB8032B00AE2EEC /* SwiftSoupWebScrapingUITestsLaunchTests.swift in Sources */ = {isa = PBXBuildFile; fileRef = A71F19252BB8032B00AE2EEC /* SwiftSoupWebScrapingUITestsLaunchTests.swift */; };
		A71F19342BB803BA00AE2EEC /* SwiftSoup in Frameworks */ = {isa = PBXBuildFile; productRef = A71F19332BB803BA00AE2EEC /* SwiftSoup */; };
		A71F19362BB808E300AE2EEC /* HTMLParser.swift in Sources */ = {isa = PBXBuildFile; fileRef = A71F19352BB808E300AE2EEC /* HTMLParser.swift */; };
		A71F19382BB8095500AE2EEC /* ViewController.swift in Sources */ = {isa = PBXBuildFile; fileRef = A71F19372BB8095500AE2EEC /* ViewController.swift */; };
		A71F193A2BB80C5800AE2EEC /* WebViewWrapper.swift in Sources */ = {isa = PBXBuildFile; fileRef = A71F19392BB80C5800AE2EEC /* WebViewWrapper.swift */; };
/* End PBXBuildFile section */

/* Begin PBXContainerItemProxy section */
		A71F19162BB8032B00AE2EEC /* PBXContainerItemProxy */ = {
			isa = PBXContainerItemProxy;
			containerPortal = A71F18FC2BB8032900AE2EEC /* Project object */;
			proxyType = 1;
			remoteGlobalIDString = A71F19032BB8032A00AE2EEC;
			remoteInfo = SwiftSoupWebScraping;
		};
		A71F19202BB8032B00AE2EEC /* PBXContainerItemProxy */ = {
			isa = PBXContainerItemProxy;
			containerPortal = A71F18FC2BB8032900AE2EEC /* Project object */;
			proxyType = 1;
			remoteGlobalIDString = A71F19032BB8032A00AE2EEC;
			remoteInfo = SwiftSoupWebScraping;
		};
/* End PBXContainerItemProxy section */

/* Begin PBXFileReference section */
		A71F19042BB8032A00AE2EEC /* SwiftSoupWebScraping.app */ = {isa = PBXFileReference; explicitFileType = wrapper.application; includeInIndex = 0; path = SwiftSoupWebScraping.app; sourceTree = BUILT_PRODUCTS_DIR; };
		A71F19072BB8032A00AE2EEC /* SwiftSoupWebScrapingApp.swift */ = {isa = PBXFileReference; lastKnownFileType = sourcecode.swift; path = SwiftSoupWebScrapingApp.swift; sourceTree = "<group>"; };
		A71F19092BB8032A00AE2EEC /* ContentView.swift */ = {isa = PBXFileReference; lastKnownFileType = sourcecode.swift; path = ContentView.swift; sourceTree = "<group>"; };
		A71F190B2BB8032B00AE2EEC /* Assets.xcassets */ = {isa = PBXFileReference; lastKnownFileType = folder.assetcatalog; path = Assets.xcassets; sourceTree = "<group>"; };
		A71F190D2BB8032B00AE2EEC /* SwiftSoupWebScraping.entitlements */ = {isa = PBXFileReference; lastKnownFileType = text.plist.entitlements; path = SwiftSoupWebScraping.entitlements; sourceTree = "<group>"; };
		A71F190F2BB8032B00AE2EEC /* Preview Assets.xcassets */ = {isa = PBXFileReference; lastKnownFileType = folder.assetcatalog; path = "Preview Assets.xcassets"; sourceTree = "<group>"; };
		A71F19152BB8032B00AE2EEC /* SwiftSoupWebScrapingTests.xctest */ = {isa = PBXFileReference; explicitFileType = wrapper.cfbundle; includeInIndex = 0; path = SwiftSoupWebScrapingTests.xctest; sourceTree = BUILT_PRODUCTS_DIR; };
		A71F19192BB8032B00AE2EEC /* SwiftSoupWebScrapingTests.swift */ = {isa = PBXFileReference; lastKnownFileType = sourcecode.swift; path = SwiftSoupWebScrapingTests.swift; sourceTree = "<group>"; };
		A71F191F2BB8032B00AE2EEC /* SwiftSoupWebScrapingUITests.xctest */ = {isa = PBXFileReference; explicitFileType = wrapper.cfbundle; includeInIndex = 0; path = SwiftSoupWebScrapingUITests.xctest; sourceTree = BUILT_PRODUCTS_DIR; };
		A71F19232BB8032B00AE2EEC /* SwiftSoupWebScrapingUITests.swift */ = {isa = PBXFileReference; lastKnownFileType = sourcecode.swift; path = SwiftSoupWebScrapingUITests.swift; sourceTree = "<group>"; };
		A71F19252BB8032B00AE2EEC /* SwiftSoupWebScrapingUITestsLaunchTests.swift */ = {isa = PBXFileReference; lastKnownFileType = sourcecode.swift; path = SwiftSoupWebScrapingUITestsLaunchTests.swift; sourceTree = "<group>"; };
		A71F19352BB808E300AE2EEC /* HTMLParser.swift */ = {isa = PBXFileReference; lastKnownFileType = sourcecode.swift; path = HTMLParser.swift; sourceTree = "<group>"; };
		A71F19372BB8095500AE2EEC /* ViewController.swift */ = {isa = PBXFileReference; lastKnownFileType = sourcecode.swift; path = ViewController.swift; sourceTree = "<group>"; };
		A71F19392BB80C5800AE2EEC /* WebViewWrapper.swift */ = {isa = PBXFileReference; lastKnownFileType = sourcecode.swift; path = WebViewWrapper.swift; sourceTree = "<group>"; };
/* End PBXFileReference section */

/* Begin PBXFrameworksBuildPhase section */
		A71F19012BB8032A00AE2EEC /* Frameworks */ = {
			isa = PBXFrameworksBuildPhase;
			buildActionMask = 2147483647;
			files = (
				A71F19342BB803BA00AE2EEC /* SwiftSoup in Frameworks */,
			);
			runOnlyForDeploymentPostprocessing = 0;
		};
		A71F19122BB8032B00AE2EEC /* Frameworks */ = {
			isa = PBXFrameworksBuildPhase;
			buildActionMask = 2147483647;
			files = (
			);
			runOnlyForDeploymentPostprocessing = 0;
		};
		A71F191C2BB8032B00AE2EEC /* Frameworks */ = {
			isa = PBXFrameworksBuildPhase;
			buildActionMask = 2147483647;
			files = (
			);
			runOnlyForDeploymentPostprocessing = 0;
		};
/* End PBXFrameworksBuildPhase section */

/* Begin PBXGroup section */
		A71F18FB2BB8032900AE2EEC = {
			isa = PBXGroup;
			children = (
				A71F19062BB8032A00AE2EEC /* SwiftSoupWebScraping */,
				A71F19182BB8032B00AE2EEC /* SwiftSoupWebScrapingTests */,
				A71F19222BB8032B00AE2EEC /* SwiftSoupWebScrapingUITests */,
				A71F19052BB8032A00AE2EEC /* Products */,
			);
			sourceTree = "<group>";
		};
		A71F19052BB8032A00AE2EEC /* Products */ = {
			isa = PBXGroup;
			children = (
				A71F19042BB8032A00AE2EEC /* SwiftSoupWebScraping.app */,
				A71F19152BB8032B00AE2EEC /* SwiftSoupWebScrapingTests.xctest */,
				A71F191F2BB8032B00AE2EEC /* SwiftSoupWebScrapingUITests.xctest */,
			);
			name = Products;
			sourceTree = "<group>";
		};
		A71F19062BB8032A00AE2EEC /* SwiftSoupWebScraping */ = {
			isa = PBXGroup;
			children = (
				A71F19072BB8032A00AE2EEC /* SwiftSoupWebScrapingApp.swift */,
				A71F19092BB8032A00AE2EEC /* ContentView.swift */,
				A71F19352BB808E300AE2EEC /* HTMLParser.swift */,
				A71F19372BB8095500AE2EEC /* ViewController.swift */,
				A71F19392BB80C5800AE2EEC /* WebViewWrapper.swift */,
				A71F190B2BB8032B00AE2EEC /* Assets.xcassets */,
				A71F190D2BB8032B00AE2EEC /* SwiftSoupWebScraping.entitlements */,
				A71F190E2BB8032B00AE2EEC /* Preview Content */,
			);
			path = SwiftSoupWebScraping;
			sourceTree = "<group>";
		};
		A71F190E2BB8032B00AE2EEC /* Preview Content */ = {
			isa = PBXGroup;
			children = (
				A71F190F2BB8032B00AE2EEC /* Preview Assets.xcassets */,
			);
			path = "Preview Content";
			sourceTree = "<group>";
		};
		A71F19182BB8032B00AE2EEC /* SwiftSoupWebScrapingTests */ = {
			isa = PBXGroup;
			children = (
				A71F19192BB8032B00AE2EEC /* SwiftSoupWebScrapingTests.swift */,
			);
			path = SwiftSoupWebScrapingTests;
			sourceTree = "<group>";
		};
		A71F19222BB8032B00AE2EEC /* SwiftSoupWebScrapingUITests */ = {
			isa = PBXGroup;
			children = (
				A71F19232BB8032B00AE2EEC /* SwiftSoupWebScrapingUITests.swift */,
				A71F19252BB8032B00AE2EEC /* SwiftSoupWebScrapingUITestsLaunchTests.swift */,
			);
			path = SwiftSoupWebScrapingUITests;
			sourceTree = "<group>";
		};
/* End PBXGroup section */

/* Begin PBXNativeTarget section */
		A71F19032BB8032A00AE2EEC /* SwiftSoupWebScraping */ = {
			isa = PBXNativeTarget;
			buildConfigurationList = A71F19292BB8032B00AE2EEC /* Build configuration list for PBXNativeTarget "SwiftSoupWebScraping" */;
			buildPhases = (
				A71F19002BB8032A00AE2EEC /* Sources */,
				A71F19012BB8032A00AE2EEC /* Frameworks */,
				A71F19022BB8032A00AE2EEC /* Resources */,
			);
			buildRules = (
			);
			dependencies = (
			);
			name = SwiftSoupWebScraping;
			packageProductDependencies = (
				A71F19332BB803BA00AE2EEC /* SwiftSoup */,
			);
			productName = SwiftSoupWebScraping;
			productReference = A71F19042BB8032A00AE2EEC /* SwiftSoupWebScraping.app */;
			productType = "com.apple.product-type.application";
		};
		A71F19142BB8032B00AE2EEC /* SwiftSoupWebScrapingTests */ = {
			isa = PBXNativeTarget;
			buildConfigurationList = A71F192C2BB8032B00AE2EEC /* Build configuration list for PBXNativeTarget "SwiftSoupWebScrapingTests" */;
			buildPhases = (
				A71F19112BB8032B00AE2EEC /* Sources */,
				A71F19122BB8032B00AE2EEC /* Frameworks */,
				A71F19132BB8032B00AE2EEC /* Resources */,
			);
			buildRules = (
			);
			dependencies = (
				A71F19172BB8032B00AE2EEC /* PBXTargetDependency */,
			);
			name = SwiftSoupWebScrapingTests;
			productName = SwiftSoupWebScrapingTests;
			productReference = A71F19152BB8032B00AE2EEC /* SwiftSoupWebScrapingTests.xctest */;
			productType = "com.apple.product-type.bundle.unit-test";
		};
		A71F191E2BB8032B00AE2EEC /* SwiftSoupWebScrapingUITests */ = {
			isa = PBXNativeTarget;
			buildConfigurationList = A71F192F2BB8032B00AE2EEC /* Build configuration list for PBXNativeTarget "SwiftSoupWebScrapingUITests" */;
			buildPhases = (
				A71F191B2BB8032B00AE2EEC /* Sources */,
				A71F191C2BB8032B00AE2EEC /* Frameworks */,
				A71F191D2BB8032B00AE2EEC /* Resources */,
			);
			buildRules = (
			);
			dependencies = (
				A71F19212BB8032B00AE2EEC /* PBXTargetDependency */,
			);
			name = SwiftSoupWebScrapingUITests;
			productName = SwiftSoupWebScrapingUITests;
			productReference = A71F191F2BB8032B00AE2EEC /* SwiftSoupWebScrapingUITests.xctest */;
			productType = "com.apple.product-type.bundle.ui-testing";
		};
/* End PBXNativeTarget section */

/* Begin PBXProject section */
		A71F18FC2BB8032900AE2EEC /* Project object */ = {
			isa = PBXProject;
			attributes = {
				BuildIndependentTargetsInParallel = 1;
				LastSwiftUpdateCheck = 1530;
				LastUpgradeCheck = 1530;
				TargetAttributes = {
					A71F19032BB8032A00AE2EEC = {
						CreatedOnToolsVersion = 15.3;
					};
					A71F19142BB8032B00AE2EEC = {
						CreatedOnToolsVersion = 15.3;
						TestTargetID = A71F19032BB8032A00AE2EEC;
					};
					A71F191E2BB8032B00AE2EEC = {
						CreatedOnToolsVersion = 15.3;
						TestTargetID = A71F19032BB8032A00AE2EEC;
					};
				};
			};
			buildConfigurationList = A71F18FF2BB8032900AE2EEC /* Build configuration list for PBXProject "SwiftSoupWebScraping" */;
			compatibilityVersion = "Xcode 14.0";
			developmentRegion = en;
			hasScannedForEncodings = 0;
			knownRegions = (
				en,
				Base,
			);
			mainGroup = A71F18FB2BB8032900AE2EEC;
			packageReferences = (
				A71F19322BB803BA00AE2EEC /* XCRemoteSwiftPackageReference "SwiftSoup" */,
			);
			productRefGroup = A71F19052BB8032A00AE2EEC /* Products */;
			projectDirPath = "";
			projectRoot = "";
			targets = (
				A71F19032BB8032A00AE2EEC /* SwiftSoupWebScraping */,
				A71F19142BB8032B00AE2EEC /* SwiftSoupWebScrapingTests */,
				A71F191E2BB8032B00AE2EEC /* SwiftSoupWebScrapingUITests */,
			);
		};
/* End PBXProject section */

/* Begin PBXResourcesBuildPhase section */
		A71F19022BB8032A00AE2EEC /* Resources */ = {
			isa = PBXResourcesBuildPhase;
			buildActionMask = 2147483647;
			files = (
				A71F19102BB8032B00AE2EEC /* Preview Assets.xcassets in Resources */,
				A71F190C2BB8032B00AE2EEC /* Assets.xcassets in Resources */,
			);
			runOnlyForDeploymentPostprocessing = 0;
		};
		A71F19132BB8032B00AE2EEC /* Resources */ = {
			isa = PBXResourcesBuildPhase;
			buildActionMask = 2147483647;
			files = (
			);
			runOnlyForDeploymentPostprocessing = 0;
		};
		A71F191D2BB8032B00AE2EEC /* Resources */ = {
			isa = PBXResourcesBuildPhase;
			buildActionMask = 2147483647;
			files = (
			);
			runOnlyForDeploymentPostprocessing = 0;
		};
/* End PBXResourcesBuildPhase section */

/* Begin PBXSourcesBuildPhase section */
		A71F19002BB8032A00AE2EEC /* Sources */ = {
			isa = PBXSourcesBuildPhase;
			buildActionMask = 2147483647;
			files = (
				A71F193A2BB80C5800AE2EEC /* WebViewWrapper.swift in Sources */,
				A71F19362BB808E300AE2EEC /* HTMLParser.swift in Sources */,
				A71F190A2BB8032A00AE2EEC /* ContentView.swift in Sources */,
				A71F19382BB8095500AE2EEC /* ViewController.swift in Sources */,
				A71F19082BB8032A00AE2EEC /* SwiftSoupWebScrapingApp.swift in Sources */,
			);
			runOnlyForDeploymentPostprocessing = 0;
		};
		A71F19112BB8032B00AE2EEC /* Sources */ = {
			isa = PBXSourcesBuildPhase;
			buildActionMask = 2147483647;
			files = (
				A71F191A2BB8032B00AE2EEC /* SwiftSoupWebScrapingTests.swift in Sources */,
			);
			runOnlyForDeploymentPostprocessing = 0;
		};
		A71F191B2BB8032B00AE2EEC /* Sources */ = {
			isa = PBXSourcesBuildPhase;
			buildActionMask = 2147483647;
			files = (
				A71F19242BB8032B00AE2EEC /* SwiftSoupWebScrapingUITests.swift in Sources */,
				A71F19262BB8032B00AE2EEC /* SwiftSoupWebScrapingUITestsLaunchTests.swift in Sources */,
			);
			runOnlyForDeploymentPostprocessing = 0;
		};
/* End PBXSourcesBuildPhase section */

/* Begin PBXTargetDependency section */
		A71F19172BB8032B00AE2EEC /* PBXTargetDependency */ = {
			isa = PBXTargetDependency;
			target = A71F19032BB8032A00AE2EEC /* SwiftSoupWebScraping */;
			targetProxy = A71F19162BB8032B00AE2EEC /* PBXContainerItemProxy */;
		};
		A71F19212BB8032B00AE2EEC /* PBXTargetDependency */ = {
			isa = PBXTargetDependency;
			target = A71F19032BB8032A00AE2EEC /* SwiftSoupWebScraping */;
			targetProxy = A71F19202BB8032B00AE2EEC /* PBXContainerItemProxy */;
		};
/* End PBXTargetDependency section */

/* Begin XCBuildConfiguration section */
		A71F19272BB8032B00AE2EEC /* Debug */ = {
			isa = XCBuildConfiguration;
			buildSettings = {
				ALWAYS_SEARCH_USER_PATHS = NO;
				ASSETCATALOG_COMPILER_GENERATE_SWIFT_ASSET_SYMBOL_EXTENSIONS = YES;
				CLANG_ANALYZER_NONNULL = YES;
				CLANG_ANALYZER_NUMBER_OBJECT_CONVERSION = YES_AGGRESSIVE;
				CLANG_CXX_LANGUAGE_STANDARD = "gnu++20";
				CLANG_ENABLE_MODULES = YES;
				CLANG_ENABLE_OBJC_ARC = YES;
				CLANG_ENABLE_OBJC_WEAK = YES;
				CLANG_WARN_BLOCK_CAPTURE_AUTORELEASING = YES;
				CLANG_WARN_BOOL_CONVERSION = YES;
				CLANG_WARN_COMMA = YES;
				CLANG_WARN_CONSTANT_CONVERSION = YES;
				CLANG_WARN_DEPRECATED_OBJC_IMPLEMENTATIONS = YES;
				CLANG_WARN_DIRECT_OBJC_ISA_USAGE = YES_ERROR;
				CLANG_WARN_DOCUMENTATION_COMMENTS = YES;
				CLANG_WARN_EMPTY_BODY = YES;
				CLANG_WARN_ENUM_CONVERSION = YES;
				CLANG_WARN_INFINITE_RECURSION = YES;
				CLANG_WARN_INT_CONVERSION = YES;
				CLANG_WARN_NON_LITERAL_NULL_CONVERSION = YES;
				CLANG_WARN_OBJC_IMPLICIT_RETAIN_SELF = YES;
				CLANG_WARN_OBJC_LITERAL_CONVERSION = YES;
				CLANG_WARN_OBJC_ROOT_CLASS = YES_ERROR;
				CLANG_WARN_QUOTED_INCLUDE_IN_FRAMEWORK_HEADER = YES;
				CLANG_WARN_RANGE_LOOP_ANALYSIS = YES;
				CLANG_WARN_STRICT_PROTOTYPES = YES;
				CLANG_WARN_SUSPICIOUS_MOVE = YES;
				CLANG_WARN_UNGUARDED_AVAILABILITY = YES_AGGRESSIVE;
				CLANG_WARN_UNREACHABLE_CODE = YES;
				CLANG_WARN__DUPLICATE_METHOD_MATCH = YES;
				COPY_PHASE_STRIP = NO;
				DEBUG_INFORMATION_FORMAT = dwarf;
				ENABLE_STRICT_OBJC_MSGSEND = YES;
				ENABLE_TESTABILITY = YES;
				ENABLE_USER_SCRIPT_SANDBOXING = YES;
				GCC_C_LANGUAGE_STANDARD = gnu17;
				GCC_DYNAMIC_NO_PIC = NO;
				GCC_NO_COMMON_BLOCKS = YES;
				GCC_OPTIMIZATION_LEVEL = 0;
				GCC_PREPROCESSOR_DEFINITIONS = (
					"DEBUG=1",
					"$(inherited)",
				);
				GCC_WARN_64_TO_32_BIT_CONVERSION = YES;
				GCC_WARN_ABOUT_RETURN_TYPE = YES_ERROR;
				GCC_WARN_UNDECLARED_SELECTOR = YES;
				GCC_WARN_UNINITIALIZED_AUTOS = YES_AGGRESSIVE;
				GCC_WARN_UNUSED_FUNCTION = YES;
				GCC_WARN_UNUSED_VARIABLE = YES;
				LOCALIZATION_PREFERS_STRING_CATALOGS = YES;
				MTL_ENABLE_DEBUG_INFO = INCLUDE_SOURCE;
				MTL_FAST_MATH = YES;
				ONLY_ACTIVE_ARCH = YES;
				SWIFT_ACTIVE_COMPILATION_CONDITIONS = "DEBUG $(inherited)";
				SWIFT_OPTIMIZATION_LEVEL = "-Onone";
			};
			name = Debug;
		};
		A71F19282BB8032B00AE2EEC /* Release */ = {
			isa = XCBuildConfiguration;
			buildSettings = {
				ALWAYS_SEARCH_USER_PATHS = NO;
				ASSETCATALOG_COMPILER_GENERATE_SWIFT_ASSET_SYMBOL_EXTENSIONS = YES;
				CLANG_ANALYZER_NONNULL = YES;
				CLANG_ANALYZER_NUMBER_OBJECT_CONVERSION = YES_AGGRESSIVE;
				CLANG_CXX_LANGUAGE_STANDARD = "gnu++20";
				CLANG_ENABLE_MODULES = YES;
				CLANG_ENABLE_OBJC_ARC = YES;
				CLANG_ENABLE_OBJC_WEAK = YES;
				CLANG_WARN_BLOCK_CAPTURE_AUTORELEASING = YES;
				CLANG_WARN_BOOL_CONVERSION = YES;
				CLANG_WARN_COMMA = YES;
				CLANG_WARN_CONSTANT_CONVERSION = YES;
				CLANG_WARN_DEPRECATED_OBJC_IMPLEMENTATIONS = YES;
				CLANG_WARN_DIRECT_OBJC_ISA_USAGE = YES_ERROR;
				CLANG_WARN_DOCUMENTATION_COMMENTS = YES;
				CLANG_WARN_EMPTY_BODY = YES;
				CLANG_WARN_ENUM_CONVERSION = YES;
				CLANG_WARN_INFINITE_RECURSION = YES;
				CLANG_WARN_INT_CONVERSION = YES;
				CLANG_WARN_NON_LITERAL_NULL_CONVERSION = YES;
				CLANG_WARN_OBJC_IMPLICIT_RETAIN_SELF = YES;
				CLANG_WARN_OBJC_LITERAL_CONVERSION = YES;
				CLANG_WARN_OBJC_ROOT_CLASS = YES_ERROR;
				CLANG_WARN_QUOTED_INCLUDE_IN_FRAMEWORK_HEADER = YES;
				CLANG_WARN_RANGE_LOOP_ANALYSIS = YES;
				CLANG_WARN_STRICT_PROTOTYPES = YES;
				CLANG_WARN_SUSPICIOUS_MOVE = YES;
				CLANG_WARN_UNGUARDED_AVAILABILITY = YES_AGGRESSIVE;
				CLANG_WARN_UNREACHABLE_CODE = YES;
				CLANG_WARN__DUPLICATE_METHOD_MATCH = YES;
				COPY_PHASE_STRIP = NO;
				DEBUG_INFORMATION_FORMAT = "dwarf-with-dsym";
				ENABLE_NS_ASSERTIONS = NO;
				ENABLE_STRICT_OBJC_MSGSEND = YES;
				ENABLE_USER_SCRIPT_SANDBOXING = YES;
				GCC_C_LANGUAGE_STANDARD = gnu17;
				GCC_NO_COMMON_BLOCKS = YES;
				GCC_WARN_64_TO_32_BIT_CONVERSION = YES;
				GCC_WARN_ABOUT_RETURN_TYPE = YES_ERROR;
				GCC_WARN_UNDECLARED_SELECTOR = YES;
				GCC_WARN_UNINITIALIZED_AUTOS = YES_AGGRESSIVE;
				GCC_WARN_UNUSED_FUNCTION = YES;
				GCC_WARN_UNUSED_VARIABLE = YES;
				LOCALIZATION_PREFERS_STRING_CATALOGS = YES;
				MTL_ENABLE_DEBUG_INFO = NO;
				MTL_FAST_MATH = YES;
				SWIFT_COMPILATION_MODE = wholemodule;
			};
			name = Release;
		};
		A71F192A2BB8032B00AE2EEC /* Debug */ = {
			isa = XCBuildConfiguration;
			buildSettings = {
				ASSETCATALOG_COMPILER_APPICON_NAME = AppIcon;
				ASSETCATALOG_COMPILER_GLOBAL_ACCENT_COLOR_NAME = AccentColor;
				CODE_SIGN_ENTITLEMENTS = SwiftSoupWebScraping/SwiftSoupWebScraping.entitlements;
				CODE_SIGN_STYLE = Automatic;
				CURRENT_PROJECT_VERSION = 1;
				DEVELOPMENT_ASSET_PATHS = "\"SwiftSoupWebScraping/Preview Content\"";
				ENABLE_PREVIEWS = YES;
				GENERATE_INFOPLIST_FILE = YES;
				"INFOPLIST_KEY_UIApplicationSceneManifest_Generation[sdk=iphoneos*]" = YES;
				"INFOPLIST_KEY_UIApplicationSceneManifest_Generation[sdk=iphonesimulator*]" = YES;
				"INFOPLIST_KEY_UIApplicationSupportsIndirectInputEvents[sdk=iphoneos*]" = YES;
				"INFOPLIST_KEY_UIApplicationSupportsIndirectInputEvents[sdk=iphonesimulator*]" = YES;
				"INFOPLIST_KEY_UILaunchScreen_Generation[sdk=iphoneos*]" = YES;
				"INFOPLIST_KEY_UILaunchScreen_Generation[sdk=iphonesimulator*]" = YES;
				"INFOPLIST_KEY_UIStatusBarStyle[sdk=iphoneos*]" = UIStatusBarStyleDefault;
				"INFOPLIST_KEY_UIStatusBarStyle[sdk=iphonesimulator*]" = UIStatusBarStyleDefault;
				INFOPLIST_KEY_UISupportedInterfaceOrientations_iPad = "UIInterfaceOrientationPortrait UIInterfaceOrientationPortraitUpsideDown UIInterfaceOrientationLandscapeLeft UIInterfaceOrientationLandscapeRight";
				INFOPLIST_KEY_UISupportedInterfaceOrientations_iPhone = "UIInterfaceOrientationPortrait UIInterfaceOrientationLandscapeLeft UIInterfaceOrientationLandscapeRight";
				IPHONEOS_DEPLOYMENT_TARGET = 17.4;
				LD_RUNPATH_SEARCH_PATHS = "@executable_path/Frameworks";
				"LD_RUNPATH_SEARCH_PATHS[sdk=macosx*]" = "@executable_path/../Frameworks";
				MACOSX_DEPLOYMENT_TARGET = 14.2;
				MARKETING_VERSION = 1.0;
				PRODUCT_BUNDLE_IDENTIFIER = com.joanna.SwiftSoupWebScraping;
				PRODUCT_NAME = "$(TARGET_NAME)";
				SDKROOT = auto;
				SUPPORTED_PLATFORMS = "iphoneos iphonesimulator macosx";
				SWIFT_EMIT_LOC_STRINGS = YES;
				SWIFT_VERSION = 5.0;
				TARGETED_DEVICE_FAMILY = "1,2";
			};
			name = Debug;
		};
		A71F192B2BB8032B00AE2EEC /* Release */ = {
			isa = XCBuildConfiguration;
			buildSettings = {
				ASSETCATALOG_COMPILER_APPICON_NAME = AppIcon;
				ASSETCATALOG_COMPILER_GLOBAL_ACCENT_COLOR_NAME = AccentColor;
				CODE_SIGN_ENTITLEMENTS = SwiftSoupWebScraping/SwiftSoupWebScraping.entitlements;
				CODE_SIGN_STYLE = Automatic;
				CURRENT_PROJECT_VERSION = 1;
				DEVELOPMENT_ASSET_PATHS = "\"SwiftSoupWebScraping/Preview Content\"";
				ENABLE_PREVIEWS = YES;
				GENERATE_INFOPLIST_FILE = YES;
				"INFOPLIST_KEY_UIApplicationSceneManifest_Generation[sdk=iphoneos*]" = YES;
				"INFOPLIST_KEY_UIApplicationSceneManifest_Generation[sdk=iphonesimulator*]" = YES;
				"INFOPLIST_KEY_UIApplicationSupportsIndirectInputEvents[sdk=iphoneos*]" = YES;
				"INFOPLIST_KEY_UIApplicationSupportsIndirectInputEvents[sdk=iphonesimulator*]" = YES;
				"INFOPLIST_KEY_UILaunchScreen_Generation[sdk=iphoneos*]" = YES;
				"INFOPLIST_KEY_UILaunchScreen_Generation[sdk=iphonesimulator*]" = YES;
				"INFOPLIST_KEY_UIStatusBarStyle[sdk=iphoneos*]" = UIStatusBarStyleDefault;
				"INFOPLIST_KEY_UIStatusBarStyle[sdk=iphonesimulator*]" = UIStatusBarStyleDefault;
				INFOPLIST_KEY_UISupportedInterfaceOrientations_iPad = "UIInterfaceOrientationPortrait UIInterfaceOrientationPortraitUpsideDown UIInterfaceOrientationLandscapeLeft UIInterfaceOrientationLandscapeRight";
				INFOPLIST_KEY_UISupportedInterfaceOrientations_iPhone = "UIInterfaceOrientationPortrait UIInterfaceOrientationLandscapeLeft UIInterfaceOrientationLandscapeRight";
				IPHONEOS_DEPLOYMENT_TARGET = 17.4;
				LD_RUNPATH_SEARCH_PATHS = "@executable_path/Frameworks";
				"LD_RUNPATH_SEARCH_PATHS[sdk=macosx*]" = "@executable_path/../Frameworks";
				MACOSX_DEPLOYMENT_TARGET = 14.2;
				MARKETING_VERSION = 1.0;
				PRODUCT_BUNDLE_IDENTIFIER = com.joanna.SwiftSoupWebScraping;
				PRODUCT_NAME = "$(TARGET_NAME)";
				SDKROOT = auto;
				SUPPORTED_PLATFORMS = "iphoneos iphonesimulator macosx";
				SWIFT_EMIT_LOC_STRINGS = YES;
				SWIFT_VERSION = 5.0;
				TARGETED_DEVICE_FAMILY = "1,2";
			};
			name = Release;
		};
		A71F192D2BB8032B00AE2EEC /* Debug */ = {
			isa = XCBuildConfiguration;
			buildSettings = {
				ALWAYS_EMBED_SWIFT_STANDARD_LIBRARIES = YES;
				BUNDLE_LOADER = "$(TEST_HOST)";
				CODE_SIGN_STYLE = Automatic;
				CURRENT_PROJECT_VERSION = 1;
				GENERATE_INFOPLIST_FILE = YES;
				IPHONEOS_DEPLOYMENT_TARGET = 17.4;
				MACOSX_DEPLOYMENT_TARGET = 14.2;
				MARKETING_VERSION = 1.0;
				PRODUCT_BUNDLE_IDENTIFIER = com.joanna.SwiftSoupWebScrapingTests;
				PRODUCT_NAME = "$(TARGET_NAME)";
				SDKROOT = auto;
				SUPPORTED_PLATFORMS = "iphoneos iphonesimulator macosx";
				SWIFT_EMIT_LOC_STRINGS = NO;
				SWIFT_VERSION = 5.0;
				TARGETED_DEVICE_FAMILY = "1,2";
				TEST_HOST = "$(BUILT_PRODUCTS_DIR)/SwiftSoupWebScraping.app/$(BUNDLE_EXECUTABLE_FOLDER_PATH)/SwiftSoupWebScraping";
			};
			name = Debug;
		};
		A71F192E2BB8032B00AE2EEC /* Release */ = {
			isa = XCBuildConfiguration;
			buildSettings = {
				ALWAYS_EMBED_SWIFT_STANDARD_LIBRARIES = YES;
				BUNDLE_LOADER = "$(TEST_HOST)";
				CODE_SIGN_STYLE = Automatic;
				CURRENT_PROJECT_VERSION = 1;
				GENERATE_INFOPLIST_FILE = YES;
				IPHONEOS_DEPLOYMENT_TARGET = 17.4;
				MACOSX_DEPLOYMENT_TARGET = 14.2;
				MARKETING_VERSION = 1.0;
				PRODUCT_BUNDLE_IDENTIFIER = com.joanna.SwiftSoupWebScrapingTests;
				PRODUCT_NAME = "$(TARGET_NAME)";
				SDKROOT = auto;
				SUPPORTED_PLATFORMS = "iphoneos iphonesimulator macosx";
				SWIFT_EMIT_LOC_STRINGS = NO;
				SWIFT_VERSION = 5.0;
				TARGETED_DEVICE_FAMILY = "1,2";
				TEST_HOST = "$(BUILT_PRODUCTS_DIR)/SwiftSoupWebScraping.app/$(BUNDLE_EXECUTABLE_FOLDER_PATH)/SwiftSoupWebScraping";
			};
			name = Release;
		};
		A71F19302BB8032B00AE2EEC /* Debug */ = {
			isa = XCBuildConfiguration;
			buildSettings = {
				ALWAYS_EMBED_SWIFT_STANDARD_LIBRARIES = YES;
				CODE_SIGN_STYLE = Automatic;
				CURRENT_PROJECT_VERSION = 1;
				GENERATE_INFOPLIST_FILE = YES;
				IPHONEOS_DEPLOYMENT_TARGET = 17.4;
				MACOSX_DEPLOYMENT_TARGET = 14.2;
				MARKETING_VERSION = 1.0;
				PRODUCT_BUNDLE_IDENTIFIER = com.joanna.SwiftSoupWebScrapingUITests;
				PRODUCT_NAME = "$(TARGET_NAME)";
				SDKROOT = auto;
				SUPPORTED_PLATFORMS = "iphoneos iphonesimulator macosx";
				SWIFT_EMIT_LOC_STRINGS = NO;
				SWIFT_VERSION = 5.0;
				TARGETED_DEVICE_FAMILY = "1,2";
				TEST_TARGET_NAME = SwiftSoupWebScraping;
			};
			name = Debug;
		};
		A71F19312BB8032B00AE2EEC /* Release */ = {
			isa = XCBuildConfiguration;
			buildSettings = {
				ALWAYS_EMBED_SWIFT_STANDARD_LIBRARIES = YES;
				CODE_SIGN_STYLE = Automatic;
				CURRENT_PROJECT_VERSION = 1;
				GENERATE_INFOPLIST_FILE = YES;
				IPHONEOS_DEPLOYMENT_TARGET = 17.4;
				MACOSX_DEPLOYMENT_TARGET = 14.2;
				MARKETING_VERSION = 1.0;
				PRODUCT_BUNDLE_IDENTIFIER = com.joanna.SwiftSoupWebScrapingUITests;
				PRODUCT_NAME = "$(TARGET_NAME)";
				SDKROOT = auto;
				SUPPORTED_PLATFORMS = "iphoneos iphonesimulator macosx";
				SWIFT_EMIT_LOC_STRINGS = NO;
				SWIFT_VERSION = 5.0;
				TARGETED_DEVICE_FAMILY = "1,2";
				TEST_TARGET_NAME = SwiftSoupWebScraping;
			};
			name = Release;
		};
/* End XCBuildConfiguration section */

/* Begin XCConfigurationList section */
		A71F18FF2BB8032900AE2EEC /* Build configuration list for PBXProject "SwiftSoupWebScraping" */ = {
			isa = XCConfigurationList;
			buildConfigurations = (
				A71F19272BB8032B00AE2EEC /* Debug */,
				A71F19282BB8032B00AE2EEC /* Release */,
			);
			defaultConfigurationIsVisible = 0;
			defaultConfigurationName = Release;
		};
		A71F19292BB8032B00AE2EEC /* Build configuration list for PBXNativeTarget "SwiftSoupWebScraping" */ = {
			isa = XCConfigurationList;
			buildConfigurations = (
				A71F192A2BB8032B00AE2EEC /* Debug */,
				A71F192B2BB8032B00AE2EEC /* Release */,
			);
			defaultConfigurationIsVisible = 0;
			defaultConfigurationName = Release;
		};
		A71F192C2BB8032B00AE2EEC /* Build configuration list for PBXNativeTarget "SwiftSoupWebScrapingTests" */ = {
			isa = XCConfigurationList;
			buildConfigurations = (
				A71F192D2BB8032B00AE2EEC /* Debug */,
				A71F192E2BB8032B00AE2EEC /* Release */,
			);
			defaultConfigurationIsVisible = 0;
			defaultConfigurationName = Release;
		};
		A71F192F2BB8032B00AE2EEC /* Build configuration list for PBXNativeTarget "SwiftSoupWebScrapingUITests" */ = {
			isa = XCConfigurationList;
			buildConfigurations = (
				A71F19302BB8032B00AE2EEC /* Debug */,
				A71F19312BB8032B00AE2EEC /* Release */,
			);
			defaultConfigurationIsVisible = 0;
			defaultConfigurationName = Release;
		};
/* End XCConfigurationList section */

/* Begin XCRemoteSwiftPackageReference section */
		A71F19322BB803BA00AE2EEC /* XCRemoteSwiftPackageReference "SwiftSoup" */ = {
			isa = XCRemoteSwiftPackageReference;
			repositoryURL = "https://github.com/scinfu/SwiftSoup";
			requirement = {
				kind = upToNextMajorVersion;
				minimumVersion = 2.7.2;
			};
		};
/* End XCRemoteSwiftPackageReference section */

/* Begin XCSwiftPackageProductDependency section */
		A71F19332BB803BA00AE2EEC /* SwiftSoup */ = {
			isa = XCSwiftPackageProductDependency;
			package = A71F19322BB803BA00AE2EEC /* XCRemoteSwiftPackageReference "SwiftSoup" */;
			productName = SwiftSoup;
		};
/* End XCSwiftPackageProductDependency section */
	};
	rootObject = A71F18FC2BB8032900AE2EEC /* Project object */;
}
